
Microsoft Visual Studio Solution File, Format Version 12.00
# Visual Studio Version 17
VisualStudioVersion = 17.4.33213.308
MinimumVisualStudioVersion = 10.0.40219.1
Project("{FAE04EC0-301F-11D3-BF4B-00C04F79EFBC}") = "Web_Games", "Web_Games\Web_Games.csproj", "{42218119-4220-4C59-8145-79DD9E30C05E}"
EndProject
Global
	GlobalSection(SolutionConfigurationPlatforms) = preSolution
		Debug|ARM = Debug|ARM
		Debug|ARM64 = Debug|ARM64
		Debug|x64 = Debug|x64
		Debug|x86 = Debug|x86
		Release|ARM = Release|ARM
		Release|ARM64 = Release|ARM64
		Release|x64 = Release|x64
		Release|x86 = Release|x86
	EndGlobalSection
	GlobalSection(ProjectConfigurationPlatforms) = postSolution
		{42218119-4220-4C59-8145-79DD9E30C05E}.Debug|ARM.ActiveCfg = Debug|ARM
		{42218119-4220-4C59-8145-79DD9E30C05E}.Debug|ARM.Build.0 = Debug|ARM
		{42218119-4220-4C59-8145-79DD9E30C05E}.Debug|ARM.Deploy.0 = Debug|ARM
		{42218119-4220-4C59-8145-79DD9E30C05E}.Debug|ARM64.ActiveCfg = Debug|ARM64
		{42218119-4220-4C59-8145-79DD9E30C05E}.Debug|ARM64.Build.0 = Debug|ARM64
		{42218119-4220-4C59-8145-79DD9E30C05E}.Debug|ARM64.Deploy.0 = Debug|ARM64
		{42218119-4220-4C59-8145-79DD9E30C05E}.Debug|x64.ActiveCfg = Debug|x64
		{42218119-4220-4C59-8145-79DD9E30C05E}.Debug|x64.Build.0 = Debug|x64
		{42218119-4220-4C59-8145-79DD9E30C05E}.Debug|x64.Deploy.0 = Debug|x64
		{42218119-4220-4C59-8145-79DD9E30C05E}.Debug|x86.ActiveCfg = Debug|x86
		{42218119-4220-4C59-8145-79DD9E30C05E}.Debug|x86.Build.0 = Debug|x86
		{42218119-4220-4C59-8145-79DD9E30C05E}.Debug|x86.Deploy.0 = Debug|x86
		{42218119-4220-4C59-8145-79DD9E30C05E}.Release|ARM.ActiveCfg = Release|ARM
		{42218119-4220-4C59-8145-79DD9E30C05E}.Release|ARM.Build.0 = Release|ARM
		{42218119-4220-4C59-8145-79DD9E30C05E}.Release|ARM.Deploy.0 = Release|ARM
		{42218119-4220-4C59-8145-79DD9E30C05E}.Release|ARM64.ActiveCfg = Release|ARM64
		{42218119-4220-4C59-8145-79DD9E30C05E}.Release|ARM64.Build.0 = Release|ARM64
		{42218119-4220-4C59-8145-79DD9E30C05E}.Release|ARM64.Deploy.0 = Release|ARM64
		{42218119-4220-4C59-8145-79DD9E30C05E}.Release|x64.ActiveCfg = Release|x64
		{42218119-4220-4C59-8145-79DD9E30C05E}.Release|x64.Build.0 = Release|x64
		{42218119-4220-4C59-8145-79DD9E30C05E}.Release|x64.Deploy.0 = Release|x64
		{42218119-4220-4C59-8145-79DD9E30C05E}.Release|x86.ActiveCfg = Release|x86
		{42218119-4220-4C59-8145-79DD9E30C05E}.Release|x86.Build.0 = Release|x86
		{42218119-4220-4C59-8145-79DD9E30C05E}.Release|x86.Deploy.0 = Release|x86
	EndGlobalSection
	GlobalSection(SolutionProperties) = preSolution
		HideSolutionNode = FALSE
	EndGlobalSection
	GlobalSection(ExtensibilityGlobals) = postSolution
		SolutionGuid = {FFCB5A03-F2C4-46F0-8970-13ED5CBC3649}
	EndGlobalSection
EndGlobal
